// !$*UTF8*$!
{
	archiveVersion = 1;
	classes = {
	};
	objectVersion = 46;
	objects = {

/* Begin PBXBuildFile section */
		0198BA5D47C695CF57EE336B /* FamilyControls.framework in Frameworks */ = {isa = PBXBuildFile; fileRef = 85EBDD338393B904E30BE40C /* FamilyControls.framework */; };
		0A6224B18C84B143B234B88B /* MiniGamesView.swift in Sources */ = {isa = PBXBuildFile; fileRef = 07653449606CEE09B3063329 /* MiniGamesView.swift */; };
		0D85B586B63636E40FE54300 /* FamilyControls.framework in Frameworks */ = {isa = PBXBuildFile; fileRef = 53B4DBF27F1162F732635528 /* FamilyControls.framework */; };
		115F6D0A4E6C5944FCF567E9 /* ShieldPolicy.swift in Sources */ = {isa = PBXBuildFile; fileRef = E01418C50F72DCD5CFED2CF2 /* ShieldPolicy.swift */; };
		12F24AD7D7F20CF88359317E /* UnlockView.swift in Sources */ = {isa = PBXBuildFile; fileRef = ADF8196057299A0B7D86F276 /* UnlockView.swift */; };
		1367F74C87810BA3A6442C32 /* DeviceActivity.framework in Frameworks */ = {isa = PBXBuildFile; fileRef = 76D96BD4E810F7EAD155BCB0 /* DeviceActivity.framework */; };
		1D05D2B351CA0BB1C6FDC88A /* LifeStoreTests.swift in Sources */ = {isa = PBXBuildFile; fileRef = 6932D467C893101DA4386C3F /* LifeStoreTests.swift */; };
		1FDD8FDCBE3B4061AB4A700F /* LockInWidgetsExtension.appex in Embed App Extensions */ = {isa = PBXBuildFile; fileRef = 7A770AC963610A285FABBC18 /* LockInWidgetsExtension.appex */; settings = {ATTRIBUTES = (RemoveHeadersOnCopy, CodeSignOnCopy, ); }; };
		245C721314783E3D9981C57B /* DeviceActivityReportExtension.swift in Sources */ = {isa = PBXBuildFile; fileRef = 660B8413815EC8C62DC519FC /* DeviceActivityReportExtension.swift */; };
		24A7863814B0BAA40C828CC5 /* Models.swift in Sources */ = {isa = PBXBuildFile; fileRef = A57615A6A1C359A65BC7A05E /* Models.swift */; };
		2612DA259C765B0B6B93501A /* ShieldActionExtension.swift in Sources */ = {isa = PBXBuildFile; fileRef = A16866CA23D9D59723E8162F /* ShieldActionExtension.swift */; };
		2A6EBD66AFAAA3383A09FF7E /* ManagedSettings.framework in Frameworks */ = {isa = PBXBuildFile; fileRef = D9604E00219808926E7A7A3E /* ManagedSettings.framework */; };
		2A996C58A0F4D88F3C67C981 /* Models.swift in Sources */ = {isa = PBXBuildFile; fileRef = A57615A6A1C359A65BC7A05E /* Models.swift */; };
		2AFB5F5DB4319C114AA2564A /* BlockingController.swift in Sources */ = {isa = PBXBuildFile; fileRef = 01BD55E0801DC43E8FDCC1BE /* BlockingController.swift */; };
		2C8A838A8E073478983D67C3 /* DeviceActivityReportExtension.appex in Embed App Extensions */ = {isa = PBXBuildFile; fileRef = A4D521577883371B29898819 /* DeviceActivityReportExtension.appex */; settings = {ATTRIBUTES = (RemoveHeadersOnCopy, CodeSignOnCopy, ); }; };
		2D691A285CA7537B27148ACA /* DeviceActivity.framework in Frameworks */ = {isa = PBXBuildFile; fileRef = 1BB1901C3F9E7E8AA7D2C1C8 /* DeviceActivity.framework */; };
		305503BB6B866EEF67915FAE /* PrivacyInfo.xcprivacy in Resources */ = {isa = PBXBuildFile; fileRef = E2F769EF957716ACF22626BD /* PrivacyInfo.xcprivacy */; };
		342DA69F03FB7A930D654ACF /* TimekeeperModelsTests.swift in Sources */ = {isa = PBXBuildFile; fileRef = 31C390BF61A31FFF0E97CB80 /* TimekeeperModelsTests.swift */; };
		352E781859B19DEB6E07A8BE /* AVFoundation.framework in Frameworks */ = {isa = PBXBuildFile; fileRef = 155189F946780C1384AD5D5E /* AVFoundation.framework */; };
		364FFEF1C896948FAB912324 /* WidgetKit.framework in Frameworks */ = {isa = PBXBuildFile; fileRef = D9ABD5894900C2E396A2FC77 /* WidgetKit.framework */; };
		3803AB6D44D6C24E9BB71DE0 /* HabitsView.swift in Sources */ = {isa = PBXBuildFile; fileRef = 4EA87C539215470199B77CDB /* HabitsView.swift */; };
		38EAA7B98087FFC437FE643F /* SharedStore.swift in Sources */ = {isa = PBXBuildFile; fileRef = C75E82C297FB55D368FE601D /* SharedStore.swift */; };
		3E7AEC20D5272C2B506D3733 /* AppModel.swift in Sources */ = {isa = PBXBuildFile; fileRef = 98AAE2CC19572A346CED4DB1 /* AppModel.swift */; };
		4A904B39FF43FD98C292A7B4 /* AudioToolbox.framework in Frameworks */ = {isa = PBXBuildFile; fileRef = F0808C6EAE6BA9D079C0F00D /* AudioToolbox.framework */; };
		4FF0FBAFAE196D1E05E5FC1A /* Foundation.framework in Frameworks */ = {isa = PBXBuildFile; fileRef = 2CA54E5F1CB85ECAD6B07F83 /* Foundation.framework */; };
		5659C5425FF9846445E0C82C /* ManagedSettingsUI.framework in Frameworks */ = {isa = PBXBuildFile; fileRef = ABF08865A584ED556E10D730 /* ManagedSettingsUI.framework */; };
		58978C0DF8EB46F13BDBFAD3 /* DeviceActivity.framework in Frameworks */ = {isa = PBXBuildFile; fileRef = 1B2DE69245F003075C3129B0 /* DeviceActivity.framework */; };
		5A1529F754E883657A0D2F29 /* FamilyControls.framework in Frameworks */ = {isa = PBXBuildFile; fileRef = 750E9B21E8606B47BD112584 /* FamilyControls.framework */; };
		5D97E14BB0213217A2857191 /* FamilyControls.framework in Frameworks */ = {isa = PBXBuildFile; fileRef = B1F7E8DD6B2E54E3D7FA069B /* FamilyControls.framework */; };
		61990C5D4A04A39FD59199BA /* NotesView.swift in Sources */ = {isa = PBXBuildFile; fileRef = 2121845D60CC80D1818926CF /* NotesView.swift */; };
		63B1F9682F9FDAA3939260BD /* TimePolicy.swift in Sources */ = {isa = PBXBuildFile; fileRef = 28058112C8E5337EAAAAD21B /* TimePolicy.swift */; };
		64D5311100D2B5FB92EDBC30 /* RootView.swift in Sources */ = {isa = PBXBuildFile; fileRef = ACC25C6A47B3FCB619C53696 /* RootView.swift */; };
		6837DD768F2B96221E870F39 /* ManagedSettings.framework in Frameworks */ = {isa = PBXBuildFile; fileRef = 7F98F568B68CCF317BAB50A0 /* ManagedSettings.framework */; };
		6E3C3A99B46965A90492BED5 /* UserNotifications.framework in Frameworks */ = {isa = PBXBuildFile; fileRef = 90CF1D011657F9E34921602F /* UserNotifications.framework */; };
		74BD7184724E6DF7F0AA74F5 /* TimePolicy.swift in Sources */ = {isa = PBXBuildFile; fileRef = 28058112C8E5337EAAAAD21B /* TimePolicy.swift */; };
		7AFA37D6F74C4FBD4134ADCA /* ShieldConfigurationExtension.swift in Sources */ = {isa = PBXBuildFile; fileRef = 4EC18E008E0EB6B6A59CF2AF /* ShieldConfigurationExtension.swift */; };
		82075B71B3E2E42BD3978A0C /* Assets.xcassets in Resources */ = {isa = PBXBuildFile; fileRef = 370A133FFDDFD9B5575C4679 /* Assets.xcassets */; };
		87C33CFAE9F53200EB708E14 /* Vision.framework in Frameworks */ = {isa = PBXBuildFile; fileRef = 350F76B619C767457E0F4A53 /* Vision.framework */; };
		8DBA0F0596066D80B839A995 /* Models.swift in Sources */ = {isa = PBXBuildFile; fileRef = A57615A6A1C359A65BC7A05E /* Models.swift */; };
		8E4B0953CACA9CD85064CA11 /* ShieldPolicy.swift in Sources */ = {isa = PBXBuildFile; fileRef = E01418C50F72DCD5CFED2CF2 /* ShieldPolicy.swift */; };
		91161D439984EC37FC4BE55C /* UIKit.framework in Frameworks */ = {isa = PBXBuildFile; fileRef = 1AF5D6793D2E22AA0EA10D8C /* UIKit.framework */; };
		91B1655286199695B36B4FE8 /* WidgetKit.framework in Frameworks */ = {isa = PBXBuildFile; fileRef = 59A87E4E53D94E3575620E75 /* WidgetKit.framework */; };
		988B5494417ED6B9CD421171 /* Foundation.framework in Frameworks */ = {isa = PBXBuildFile; fileRef = 2CA54E5F1CB85ECAD6B07F83 /* Foundation.framework */; };
		9A3ED0D55376F68AF7E56917 /* LifeModels.swift in Sources */ = {isa = PBXBuildFile; fileRef = 9C52EABC2246BE6A42D15737 /* LifeModels.swift */; };
		9AC52D24387AA132DF5F79EC /* XCTest.framework in Frameworks */ = {isa = PBXBuildFile; fileRef = 2580F28FFC2A72F367600D10 /* XCTest.framework */; };
		9F84B83E0BA1968DE6A67866 /* TimePolicy.swift in Sources */ = {isa = PBXBuildFile; fileRef = 28058112C8E5337EAAAAD21B /* TimePolicy.swift */; };
		A0AE56C69B0FB30251079368 /* FamilyControls.framework in Frameworks */ = {isa = PBXBuildFile; fileRef = 763D059EB27D11A11DFA8365 /* FamilyControls.framework */; };
		A4E44F8BE01185FB636B2F27 /* Models.swift in Sources */ = {isa = PBXBuildFile; fileRef = A57615A6A1C359A65BC7A05E /* Models.swift */; };
		A5FE0F5C8161796CB332E870 /* ShieldActionExtension.appex in Embed App Extensions */ = {isa = PBXBuildFile; fileRef = 320F694DD2965466C1092EB7 /* ShieldActionExtension.appex */; settings = {ATTRIBUTES = (RemoveHeadersOnCopy, CodeSignOnCopy, ); }; };
		A703E899A312A99F9BC1F760 /* ManagedSettings.framework in Frameworks */ = {isa = PBXBuildFile; fileRef = 7757549C6B22A1C3F05ADBD5 /* ManagedSettings.framework */; };
		A84028C2201E98AAE8BCEE6B /* FocusApp.swift in Sources */ = {isa = PBXBuildFile; fileRef = 60FE75BBA70FEEEFB89E11CD /* FocusApp.swift */; };
		AC5FC8478676D71097F54B0B /* TimekeeperModels.swift in Sources */ = {isa = PBXBuildFile; fileRef = B43F8D6750B5FDF8CC29543D /* TimekeeperModels.swift */; };
		AC8AA72484036AD9E9BE1777 /* TimePolicyTests.swift in Sources */ = {isa = PBXBuildFile; fileRef = C3945C56FA79B192D5FE9E4A /* TimePolicyTests.swift */; };
		B0165D26FF16A5BCD2778962 /* Foundation.framework in Frameworks */ = {isa = PBXBuildFile; fileRef = 2CA54E5F1CB85ECAD6B07F83 /* Foundation.framework */; };
		B2AE7E5E4A3F4ADE5031605D /* SharedStoreTests.swift in Sources */ = {isa = PBXBuildFile; fileRef = CE4F5F94D2BD5598AB6D6023 /* SharedStoreTests.swift */; };
		B2E42DB461694310441CB896 /* ManagedSettings.framework in Frameworks */ = {isa = PBXBuildFile; fileRef = 8A4C02D26EE2EAB5D6FA1B62 /* ManagedSettings.framework */; };
		B96EE76822F2472CC155FD93 /* TimePolicy.swift in Sources */ = {isa = PBXBuildFile; fileRef = 28058112C8E5337EAAAAD21B /* TimePolicy.swift */; };
		BCBF112E0A1E09C576F3CEBE /* DeviceActivity.framework in Frameworks */ = {isa = PBXBuildFile; fileRef = 269A790FBE44DA980DD16D7C /* DeviceActivity.framework */; };
		C18069DEFF7980478C50F8A1 /* SharedStore.swift in Sources */ = {isa = PBXBuildFile; fileRef = C75E82C297FB55D368FE601D /* SharedStore.swift */; };
		C4A76D9E06523A03F5EE307D /* EyeLevelCamera.swift in Sources */ = {isa = PBXBuildFile; fileRef = B1FA7E8CD1BD48FB0AFBE7B4 /* EyeLevelCamera.swift */; };
		CDC2C9E69BD3D00001902777 /* Foundation.framework in Frameworks */ = {isa = PBXBuildFile; fileRef = 2CA54E5F1CB85ECAD6B07F83 /* Foundation.framework */; };
		CF8027D245453BC2168E7A87 /* DeviceActivityMonitorExtension.swift in Sources */ = {isa = PBXBuildFile; fileRef = B6855B2A5C385C1ADD874089 /* DeviceActivityMonitorExtension.swift */; };
		D10DFDBCDD8C5827A31DBA0A /* Foundation.framework in Frameworks */ = {isa = PBXBuildFile; fileRef = 2CA54E5F1CB85ECAD6B07F83 /* Foundation.framework */; };
		D23291E506AC5A96EFBCD8FE /* CalendarView.swift in Sources */ = {isa = PBXBuildFile; fileRef = 103D21E0736DF801C7519319 /* CalendarView.swift */; };
		D35A9179729F8A952CA7430E /* Foundation.framework in Frameworks */ = {isa = PBXBuildFile; fileRef = 2CA54E5F1CB85ECAD6B07F83 /* Foundation.framework */; };
		D65597609812D53FC9879C51 /* TimerView.swift in Sources */ = {isa = PBXBuildFile; fileRef = 4C7A2B26DEF1C98476BF93EC /* TimerView.swift */; };
		DCEE15DF334584C3369FD0C9 /* SwiftUI.framework in Frameworks */ = {isa = PBXBuildFile; fileRef = 10914D84E8062F818739783F /* SwiftUI.framework */; };
		E0AC4F66C963E7DE028A9321 /* LockInWidgets.swift in Sources */ = {isa = PBXBuildFile; fileRef = DE9551063C0A78656E99994B /* LockInWidgets.swift */; };
		E5B8461B9615B60649CB3D0A /* Foundation.framework in Frameworks */ = {isa = PBXBuildFile; fileRef = 2CA54E5F1CB85ECAD6B07F83 /* Foundation.framework */; };
		E92AF2F0C0A54C0566F541BB /* SharedStore.swift in Sources */ = {isa = PBXBuildFile; fileRef = C75E82C297FB55D368FE601D /* SharedStore.swift */; };
		EC1E5331A0CE7E3C065E32B6 /* SwiftUI.framework in Frameworks */ = {isa = PBXBuildFile; fileRef = 3E43FC28DAED2BE8D5D00DF4 /* SwiftUI.framework */; };
		ED957E838DCFCACE5AD19AE9 /* TimekeeperController.swift in Sources */ = {isa = PBXBuildFile; fileRef = 2ECA558C79C6EAD4EADA8E72 /* TimekeeperController.swift */; };
		F31A8176FE062FA948439A15 /* ShieldConfigurationExtension.appex in Embed App Extensions */ = {isa = PBXBuildFile; fileRef = CA031035F2C2AF57040CD448 /* ShieldConfigurationExtension.appex */; settings = {ATTRIBUTES = (RemoveHeadersOnCopy, CodeSignOnCopy, ); }; };
		F8198CBFC0245ADCAEB00840 /* DeviceActivity.framework in Frameworks */ = {isa = PBXBuildFile; fileRef = F67488360708C881F977F132 /* DeviceActivity.framework */; };
		F87F55815806C4ECA558679A /* DeviceActivityMonitorExtension.appex in Embed App Extensions */ = {isa = PBXBuildFile; fileRef = 6ACBC5FE0501318739B1920F /* DeviceActivityMonitorExtension.appex */; settings = {ATTRIBUTES = (RemoveHeadersOnCopy, CodeSignOnCopy, ); }; };
		FF8C924BD916EC420B56F869 /* ManagedSettings.framework in Frameworks */ = {isa = PBXBuildFile; fileRef = F16EABEDBF0D673A952BC8AE /* ManagedSettings.framework */; };
		FF9364D319BFFAE2B0BD047E /* SharedStore.swift in Sources */ = {isa = PBXBuildFile; fileRef = C75E82C297FB55D368FE601D /* SharedStore.swift */; };
/* End PBXBuildFile section */

/* Begin PBXContainerItemProxy section */
		02AA5B9B05438E9E16449135 /* PBXContainerItemProxy */ = {
			isa = PBXContainerItemProxy;
			containerPortal = 1EDC53C78DBBC82CE1EE8F2A /* Project object */;
			proxyType = 1;
			remoteGlobalIDString = 6E1BF01A0EB5D2D81BBE72E3;
			remoteInfo = DeviceActivityMonitorExtension;
		};
		04C961EC884286536689DBA0 /* PBXContainerItemProxy */ = {
			isa = PBXContainerItemProxy;
			containerPortal = 1EDC53C78DBBC82CE1EE8F2A /* Project object */;
			proxyType = 1;
			remoteGlobalIDString = 409315BA8A529C9C19ECE5A2;
			remoteInfo = ShieldActionExtension;
		};
		AD75F157AF17A7026B557FD9 /* PBXContainerItemProxy */ = {
			isa = PBXContainerItemProxy;
			containerPortal = 1EDC53C78DBBC82CE1EE8F2A /* Project object */;
			proxyType = 1;
			remoteGlobalIDString = 7868A9804293E04B3ACE7353;
			remoteInfo = DeviceActivityReportExtension;
		};
		F952F248157B0BF73A7B0030 /* PBXContainerItemProxy */ = {
			isa = PBXContainerItemProxy;
			containerPortal = 1EDC53C78DBBC82CE1EE8F2A /* Project object */;
			proxyType = 1;
			remoteGlobalIDString = 1D098349CE651E5CEF1DE29B;
			remoteInfo = FocusApp;
		};
		FC38B388E88B8D2E6BAE87A6 /* PBXContainerItemProxy */ = {
			isa = PBXContainerItemProxy;
			containerPortal = 1EDC53C78DBBC82CE1EE8F2A /* Project object */;
			proxyType = 1;
			remoteGlobalIDString = 7A87F9769EFA67AF45B7DA35;
			remoteInfo = LockInWidgetsExtension;
		};
		FCF0E77BFA35A08C7A531215 /* PBXContainerItemProxy */ = {
			isa = PBXContainerItemProxy;
			containerPortal = 1EDC53C78DBBC82CE1EE8F2A /* Project object */;
			proxyType = 1;
			remoteGlobalIDString = B2A1065877F8AECDC2900ED6;
			remoteInfo = ShieldConfigurationExtension;
		};
/* End PBXContainerItemProxy section */

/* Begin PBXCopyFilesBuildPhase section */
		22CAFDAE1B01F2EF9B0E2D3B /* Embed App Extensions */ = {
			isa = PBXCopyFilesBuildPhase;
			buildActionMask = 2147483647;
			dstPath = "";
			dstSubfolderSpec = 13;
			files = (
				F87F55815806C4ECA558679A /* DeviceActivityMonitorExtension.appex in Embed App Extensions */,
				2C8A838A8E073478983D67C3 /* DeviceActivityReportExtension.appex in Embed App Extensions */,
				F31A8176FE062FA948439A15 /* ShieldConfigurationExtension.appex in Embed App Extensions */,
				A5FE0F5C8161796CB332E870 /* ShieldActionExtension.appex in Embed App Extensions */,
				1FDD8FDCBE3B4061AB4A700F /* LockInWidgetsExtension.appex in Embed App Extensions */,
			);
			name = "Embed App Extensions";
			runOnlyForDeploymentPostprocessing = 0;
		};
/* End PBXCopyFilesBuildPhase section */

/* Begin PBXFileReference section */
		01BD55E0801DC43E8FDCC1BE /* BlockingController.swift */ = {isa = PBXFileReference; includeInIndex = 1; lastKnownFileType = sourcecode.swift; name = BlockingController.swift; path = FocusApp/Core/BlockingController.swift; sourceTree = "<group>"; };
		07653449606CEE09B3063329 /* MiniGamesView.swift */ = {isa = PBXFileReference; includeInIndex = 1; lastKnownFileType = sourcecode.swift; name = MiniGamesView.swift; path = FocusApp/Features/MiniGamesView.swift; sourceTree = "<group>"; };
		103D21E0736DF801C7519319 /* CalendarView.swift */ = {isa = PBXFileReference; includeInIndex = 1; lastKnownFileType = sourcecode.swift; name = CalendarView.swift; path = FocusApp/Features/CalendarView.swift; sourceTree = "<group>"; };
		10914D84E8062F818739783F /* SwiftUI.framework */ = {isa = PBXFileReference; lastKnownFileType = wrapper.framework; name = SwiftUI.framework; path = System/Library/Frameworks/SwiftUI.framework; sourceTree = "<group>"; };
		155189F946780C1384AD5D5E /* AVFoundation.framework */ = {isa = PBXFileReference; lastKnownFileType = wrapper.framework; name = AVFoundation.framework; path = System/Library/Frameworks/AVFoundation.framework; sourceTree = "<group>"; };
		1AF5D6793D2E22AA0EA10D8C /* UIKit.framework */ = {isa = PBXFileReference; lastKnownFileType = wrapper.framework; name = UIKit.framework; path = System/Library/Frameworks/UIKit.framework; sourceTree = "<group>"; };
		1B2DE69245F003075C3129B0 /* DeviceActivity.framework */ = {isa = PBXFileReference; lastKnownFileType = wrapper.framework; name = DeviceActivity.framework; path = System/Library/Frameworks/DeviceActivity.framework; sourceTree = "<group>"; };
		1BB1901C3F9E7E8AA7D2C1C8 /* DeviceActivity.framework */ = {isa = PBXFileReference; lastKnownFileType = wrapper.framework; name = DeviceActivity.framework; path = System/Library/Frameworks/DeviceActivity.framework; sourceTree = "<group>"; };
		2121845D60CC80D1818926CF /* NotesView.swift */ = {isa = PBXFileReference; includeInIndex = 1; lastKnownFileType = sourcecode.swift; name = NotesView.swift; path = FocusApp/Features/NotesView.swift; sourceTree = "<group>"; };
		2580F28FFC2A72F367600D10 /* XCTest.framework */ = {isa = PBXFileReference; lastKnownFileType = wrapper.framework; name = XCTest.framework; path = System/Library/Frameworks/XCTest.framework; sourceTree = "<group>"; };
		269A790FBE44DA980DD16D7C /* DeviceActivity.framework */ = {isa = PBXFileReference; lastKnownFileType = wrapper.framework; name = DeviceActivity.framework; path = System/Library/Frameworks/DeviceActivity.framework; sourceTree = "<group>"; };
		28058112C8E5337EAAAAD21B /* TimePolicy.swift */ = {isa = PBXFileReference; includeInIndex = 1; lastKnownFileType = sourcecode.swift; name = TimePolicy.swift; path = FocusApp/Core/TimePolicy.swift; sourceTree = "<group>"; };
		2CA54E5F1CB85ECAD6B07F83 /* Foundation.framework */ = {isa = PBXFileReference; lastKnownFileType = wrapper.framework; name = Foundation.framework; path = Platforms/iPhoneOS.platform/Developer/SDKs/iPhoneOS26.0.sdk/System/Library/Frameworks/Foundation.framework; sourceTree = DEVELOPER_DIR; };
		2ECA558C79C6EAD4EADA8E72 /* TimekeeperController.swift */ = {isa = PBXFileReference; includeInIndex = 1; lastKnownFileType = sourcecode.swift; name = TimekeeperController.swift; path = FocusApp/Core/TimekeeperController.swift; sourceTree = "<group>"; };
		31C390BF61A31FFF0E97CB80 /* TimekeeperModelsTests.swift */ = {isa = PBXFileReference; includeInIndex = 1; lastKnownFileType = sourcecode.swift; name = TimekeeperModelsTests.swift; path = FocusAppTests/TimekeeperModelsTests.swift; sourceTree = "<group>"; };
		320F694DD2965466C1092EB7 /* ShieldActionExtension.appex */ = {isa = PBXFileReference; explicitFileType = "wrapper.app-extension"; includeInIndex = 0; path = ShieldActionExtension.appex; sourceTree = BUILT_PRODUCTS_DIR; };
		350F76B619C767457E0F4A53 /* Vision.framework */ = {isa = PBXFileReference; lastKnownFileType = wrapper.framework; name = Vision.framework; path = System/Library/Frameworks/Vision.framework; sourceTree = "<group>"; };
		370A133FFDDFD9B5575C4679 /* Assets.xcassets */ = {isa = PBXFileReference; includeInIndex = 1; lastKnownFileType = folder.assetcatalog; name = Assets.xcassets; path = FocusApp/Resources/Assets.xcassets; sourceTree = "<group>"; };
		3E43FC28DAED2BE8D5D00DF4 /* SwiftUI.framework */ = {isa = PBXFileReference; lastKnownFileType = wrapper.framework; name = SwiftUI.framework; path = System/Library/Frameworks/SwiftUI.framework; sourceTree = "<group>"; };
		4C7A2B26DEF1C98476BF93EC /* TimerView.swift */ = {isa = PBXFileReference; includeInIndex = 1; lastKnownFileType = sourcecode.swift; name = TimerView.swift; path = FocusApp/Features/TimerView.swift; sourceTree = "<group>"; };
		4EA87C539215470199B77CDB /* HabitsView.swift */ = {isa = PBXFileReference; includeInIndex = 1; lastKnownFileType = sourcecode.swift; name = HabitsView.swift; path = FocusApp/Features/HabitsView.swift; sourceTree = "<group>"; };
		4EC18E008E0EB6B6A59CF2AF /* ShieldConfigurationExtension.swift */ = {isa = PBXFileReference; includeInIndex = 1; lastKnownFileType = sourcecode.swift; name = ShieldConfigurationExtension.swift; path = Extensions/ShieldConfiguration/ShieldConfigurationExtension.swift; sourceTree = "<group>"; };
		53B4DBF27F1162F732635528 /* FamilyControls.framework */ = {isa = PBXFileReference; lastKnownFileType = wrapper.framework; name = FamilyControls.framework; path = System/Library/Frameworks/FamilyControls.framework; sourceTree = "<group>"; };
		59A87E4E53D94E3575620E75 /* WidgetKit.framework */ = {isa = PBXFileReference; lastKnownFileType = wrapper.framework; name = WidgetKit.framework; path = System/Library/Frameworks/WidgetKit.framework; sourceTree = "<group>"; };
		5A124C1CE5A0363229E54EAD /* FocusAppTests.xctest */ = {isa = PBXFileReference; explicitFileType = wrapper.cfbundle; includeInIndex = 0; path = FocusAppTests.xctest; sourceTree = BUILT_PRODUCTS_DIR; };
		60FE75BBA70FEEEFB89E11CD /* FocusApp.swift */ = {isa = PBXFileReference; includeInIndex = 1; lastKnownFileType = sourcecode.swift; name = FocusApp.swift; path = FocusApp/App/FocusApp.swift; sourceTree = "<group>"; };
		660B8413815EC8C62DC519FC /* DeviceActivityReportExtension.swift */ = {isa = PBXFileReference; includeInIndex = 1; lastKnownFileType = sourcecode.swift; name = DeviceActivityReportExtension.swift; path = Extensions/DeviceActivityReport/DeviceActivityReportExtension.swift; sourceTree = "<group>"; };
		6932D467C893101DA4386C3F /* LifeStoreTests.swift */ = {isa = PBXFileReference; includeInIndex = 1; lastKnownFileType = sourcecode.swift; name = LifeStoreTests.swift; path = FocusAppTests/LifeStoreTests.swift; sourceTree = "<group>"; };
		6ACBC5FE0501318739B1920F /* DeviceActivityMonitorExtension.appex */ = {isa = PBXFileReference; explicitFileType = "wrapper.app-extension"; includeInIndex = 0; path = DeviceActivityMonitorExtension.appex; sourceTree = BUILT_PRODUCTS_DIR; };
		750E9B21E8606B47BD112584 /* FamilyControls.framework */ = {isa = PBXFileReference; lastKnownFileType = wrapper.framework; name = FamilyControls.framework; path = System/Library/Frameworks/FamilyControls.framework; sourceTree = "<group>"; };
		763D059EB27D11A11DFA8365 /* FamilyControls.framework */ = {isa = PBXFileReference; lastKnownFileType = wrapper.framework; name = FamilyControls.framework; path = System/Library/Frameworks/FamilyControls.framework; sourceTree = "<group>"; };
		76D96BD4E810F7EAD155BCB0 /* DeviceActivity.framework */ = {isa = PBXFileReference; lastKnownFileType = wrapper.framework; name = DeviceActivity.framework; path = System/Library/Frameworks/DeviceActivity.framework; sourceTree = "<group>"; };
		7757549C6B22A1C3F05ADBD5 /* ManagedSettings.framework */ = {isa = PBXFileReference; lastKnownFileType = wrapper.framework; name = ManagedSettings.framework; path = System/Library/Frameworks/ManagedSettings.framework; sourceTree = "<group>"; };
		7A770AC963610A285FABBC18 /* LockInWidgetsExtension.appex */ = {isa = PBXFileReference; explicitFileType = "wrapper.app-extension"; includeInIndex = 0; path = LockInWidgetsExtension.appex; sourceTree = BUILT_PRODUCTS_DIR; };
		7F98F568B68CCF317BAB50A0 /* ManagedSettings.framework */ = {isa = PBXFileReference; lastKnownFileType = wrapper.framework; name = ManagedSettings.framework; path = System/Library/Frameworks/ManagedSettings.framework; sourceTree = "<group>"; };
		85EBDD338393B904E30BE40C /* FamilyControls.framework */ = {isa = PBXFileReference; lastKnownFileType = wrapper.framework; name = FamilyControls.framework; path = System/Library/Frameworks/FamilyControls.framework; sourceTree = "<group>"; };
		8A4C02D26EE2EAB5D6FA1B62 /* ManagedSettings.framework */ = {isa = PBXFileReference; lastKnownFileType = wrapper.framework; name = ManagedSettings.framework; path = System/Library/Frameworks/ManagedSettings.framework; sourceTree = "<group>"; };
		90CF1D011657F9E34921602F /* UserNotifications.framework */ = {isa = PBXFileReference; lastKnownFileType = wrapper.framework; name = UserNotifications.framework; path = System/Library/Frameworks/UserNotifications.framework; sourceTree = "<group>"; };
		98AAE2CC19572A346CED4DB1 /* AppModel.swift */ = {isa = PBXFileReference; includeInIndex = 1; lastKnownFileType = sourcecode.swift; name = AppModel.swift; path = FocusApp/App/AppModel.swift; sourceTree = "<group>"; };
		9C52EABC2246BE6A42D15737 /* LifeModels.swift */ = {isa = PBXFileReference; includeInIndex = 1; lastKnownFileType = sourcecode.swift; name = LifeModels.swift; path = FocusApp/Core/LifeModels.swift; sourceTree = "<group>"; };
		A16866CA23D9D59723E8162F /* ShieldActionExtension.swift */ = {isa = PBXFileReference; includeInIndex = 1; lastKnownFileType = sourcecode.swift; name = ShieldActionExtension.swift; path = Extensions/ShieldAction/ShieldActionExtension.swift; sourceTree = "<group>"; };
		A4D521577883371B29898819 /* DeviceActivityReportExtension.appex */ = {isa = PBXFileReference; explicitFileType = "wrapper.app-extension"; includeInIndex = 0; path = DeviceActivityReportExtension.appex; sourceTree = BUILT_PRODUCTS_DIR; };
		A57615A6A1C359A65BC7A05E /* Models.swift */ = {isa = PBXFileReference; includeInIndex = 1; lastKnownFileType = sourcecode.swift; name = Models.swift; path = FocusApp/Core/Models.swift; sourceTree = "<group>"; };
		ABF08865A584ED556E10D730 /* ManagedSettingsUI.framework */ = {isa = PBXFileReference; lastKnownFileType = wrapper.framework; name = ManagedSettingsUI.framework; path = System/Library/Frameworks/ManagedSettingsUI.framework; sourceTree = "<group>"; };
		ACC25C6A47B3FCB619C53696 /* RootView.swift */ = {isa = PBXFileReference; includeInIndex = 1; lastKnownFileType = sourcecode.swift; name = RootView.swift; path = FocusApp/Features/RootView.swift; sourceTree = "<group>"; };
		ADF8196057299A0B7D86F276 /* UnlockView.swift */ = {isa = PBXFileReference; includeInIndex = 1; lastKnownFileType = sourcecode.swift; name = UnlockView.swift; path = FocusApp/Features/UnlockView.swift; sourceTree = "<group>"; };
		B1F7E8DD6B2E54E3D7FA069B /* FamilyControls.framework */ = {isa = PBXFileReference; lastKnownFileType = wrapper.framework; name = FamilyControls.framework; path = System/Library/Frameworks/FamilyControls.framework; sourceTree = "<group>"; };
		B1FA7E8CD1BD48FB0AFBE7B4 /* EyeLevelCamera.swift */ = {isa = PBXFileReference; includeInIndex = 1; lastKnownFileType = sourcecode.swift; name = EyeLevelCamera.swift; path = FocusApp/Features/EyeLevelCamera.swift; sourceTree = "<group>"; };
		B43F8D6750B5FDF8CC29543D /* TimekeeperModels.swift */ = {isa = PBXFileReference; includeInIndex = 1; lastKnownFileType = sourcecode.swift; name = TimekeeperModels.swift; path = FocusApp/Core/TimekeeperModels.swift; sourceTree = "<group>"; };
		B6855B2A5C385C1ADD874089 /* DeviceActivityMonitorExtension.swift */ = {isa = PBXFileReference; includeInIndex = 1; lastKnownFileType = sourcecode.swift; name = DeviceActivityMonitorExtension.swift; path = Extensions/DeviceActivityMonitor/DeviceActivityMonitorExtension.swift; sourceTree = "<group>"; };
		C3945C56FA79B192D5FE9E4A /* TimePolicyTests.swift */ = {isa = PBXFileReference; includeInIndex = 1; lastKnownFileType = sourcecode.swift; name = TimePolicyTests.swift; path = FocusAppTests/TimePolicyTests.swift; sourceTree = "<group>"; };
		C75E82C297FB55D368FE601D /* SharedStore.swift */ = {isa = PBXFileReference; includeInIndex = 1; lastKnownFileType = sourcecode.swift; name = SharedStore.swift; path = FocusApp/Core/SharedStore.swift; sourceTree = "<group>"; };
		CA031035F2C2AF57040CD448 /* ShieldConfigurationExtension.appex */ = {isa = PBXFileReference; explicitFileType = "wrapper.app-extension"; includeInIndex = 0; path = ShieldConfigurationExtension.appex; sourceTree = BUILT_PRODUCTS_DIR; };
		CE4F5F94D2BD5598AB6D6023 /* SharedStoreTests.swift */ = {isa = PBXFileReference; includeInIndex = 1; lastKnownFileType = sourcecode.swift; name = SharedStoreTests.swift; path = FocusAppTests/SharedStoreTests.swift; sourceTree = "<group>"; };
		D9604E00219808926E7A7A3E /* ManagedSettings.framework */ = {isa = PBXFileReference; lastKnownFileType = wrapper.framework; name = ManagedSettings.framework; path = System/Library/Frameworks/ManagedSettings.framework; sourceTree = "<group>"; };
		D9ABD5894900C2E396A2FC77 /* WidgetKit.framework */ = {isa = PBXFileReference; lastKnownFileType = wrapper.framework; name = WidgetKit.framework; path = System/Library/Frameworks/WidgetKit.framework; sourceTree = "<group>"; };
		DE9551063C0A78656E99994B /* LockInWidgets.swift */ = {isa = PBXFileReference; includeInIndex = 1; lastKnownFileType = sourcecode.swift; name = LockInWidgets.swift; path = Extensions/LockInWidgets/LockInWidgets.swift; sourceTree = "<group>"; };
		E01418C50F72DCD5CFED2CF2 /* ShieldPolicy.swift */ = {isa = PBXFileReference; includeInIndex = 1; lastKnownFileType = sourcecode.swift; name = ShieldPolicy.swift; path = FocusApp/Core/ShieldPolicy.swift; sourceTree = "<group>"; };
		E2F769EF957716ACF22626BD /* PrivacyInfo.xcprivacy */ = {isa = PBXFileReference; includeInIndex = 1; name = PrivacyInfo.xcprivacy; path = FocusApp/Resources/PrivacyInfo.xcprivacy; sourceTree = "<group>"; };
		ECE21FDABA6FE55AC0D7827C /* FocusApp.app */ = {isa = PBXFileReference; explicitFileType = wrapper.application; includeInIndex = 0; path = FocusApp.app; sourceTree = BUILT_PRODUCTS_DIR; };
		F0808C6EAE6BA9D079C0F00D /* AudioToolbox.framework */ = {isa = PBXFileReference; lastKnownFileType = wrapper.framework; name = AudioToolbox.framework; path = System/Library/Frameworks/AudioToolbox.framework; sourceTree = "<group>"; };
		F16EABEDBF0D673A952BC8AE /* ManagedSettings.framework */ = {isa = PBXFileReference; lastKnownFileType = wrapper.framework; name = ManagedSettings.framework; path = System/Library/Frameworks/ManagedSettings.framework; sourceTree = "<group>"; };
		F67488360708C881F977F132 /* DeviceActivity.framework */ = {isa = PBXFileReference; lastKnownFileType = wrapper.framework; name = DeviceActivity.framework; path = System/Library/Frameworks/DeviceActivity.framework; sourceTree = "<group>"; };
/* End PBXFileReference section */

/* Begin PBXFrameworksBuildPhase section */
		40A40CE6FDF081F2B1856CEA /* Frameworks */ = {
			isa = PBXFrameworksBuildPhase;
			buildActionMask = 2147483647;
			files = (
				B0165D26FF16A5BCD2778962 /* Foundation.framework in Frameworks */,
				A703E899A312A99F9BC1F760 /* ManagedSettings.framework in Frameworks */,
			);
			runOnlyForDeploymentPostprocessing = 0;
		};
		6BB4295DC3269CCB5347FDFB /* Frameworks */ = {
			isa = PBXFrameworksBuildPhase;
			buildActionMask = 2147483647;
			files = (
				4FF0FBAFAE196D1E05E5FC1A /* Foundation.framework in Frameworks */,
				58978C0DF8EB46F13BDBFAD3 /* DeviceActivity.framework in Frameworks */,
				6837DD768F2B96221E870F39 /* ManagedSettings.framework in Frameworks */,
				0D85B586B63636E40FE54300 /* FamilyControls.framework in Frameworks */,
			);
			runOnlyForDeploymentPostprocessing = 0;
		};
		7477773CB8221F57E412D0BF /* Frameworks */ = {
			isa = PBXFrameworksBuildPhase;
			buildActionMask = 2147483647;
			files = (
				CDC2C9E69BD3D00001902777 /* Foundation.framework in Frameworks */,
				2D691A285CA7537B27148ACA /* DeviceActivity.framework in Frameworks */,
				FF8C924BD916EC420B56F869 /* ManagedSettings.framework in Frameworks */,
				A0AE56C69B0FB30251079368 /* FamilyControls.framework in Frameworks */,
				EC1E5331A0CE7E3C065E32B6 /* SwiftUI.framework in Frameworks */,
			);
			runOnlyForDeploymentPostprocessing = 0;
		};
		9806ABA65D5A5A01F9335CEB /* Frameworks */ = {
			isa = PBXFrameworksBuildPhase;
			buildActionMask = 2147483647;
			files = (
				D35A9179729F8A952CA7430E /* Foundation.framework in Frameworks */,
				9AC52D24387AA132DF5F79EC /* XCTest.framework in Frameworks */,
			);
			runOnlyForDeploymentPostprocessing = 0;
		};
		9DA1AD22EE88B2E11A96667F /* Frameworks */ = {
			isa = PBXFrameworksBuildPhase;
			buildActionMask = 2147483647;
			files = (
				988B5494417ED6B9CD421171 /* Foundation.framework in Frameworks */,
				364FFEF1C896948FAB912324 /* WidgetKit.framework in Frameworks */,
				DCEE15DF334584C3369FD0C9 /* SwiftUI.framework in Frameworks */,
				0198BA5D47C695CF57EE336B /* FamilyControls.framework in Frameworks */,
				BCBF112E0A1E09C576F3CEBE /* DeviceActivity.framework in Frameworks */,
			);
			runOnlyForDeploymentPostprocessing = 0;
		};
		A8A4AEBD4EECFD9D114E89FA /* Frameworks */ = {
			isa = PBXFrameworksBuildPhase;
			buildActionMask = 2147483647;
			files = (
				E5B8461B9615B60649CB3D0A /* Foundation.framework in Frameworks */,
				5D97E14BB0213217A2857191 /* FamilyControls.framework in Frameworks */,
				2A6EBD66AFAAA3383A09FF7E /* ManagedSettings.framework in Frameworks */,
				1367F74C87810BA3A6442C32 /* DeviceActivity.framework in Frameworks */,
				6E3C3A99B46965A90492BED5 /* UserNotifications.framework in Frameworks */,
				4A904B39FF43FD98C292A7B4 /* AudioToolbox.framework in Frameworks */,
				91B1655286199695B36B4FE8 /* WidgetKit.framework in Frameworks */,
				352E781859B19DEB6E07A8BE /* AVFoundation.framework in Frameworks */,
				87C33CFAE9F53200EB708E14 /* Vision.framework in Frameworks */,
			);
			runOnlyForDeploymentPostprocessing = 0;
		};
		AC6FE5EDED37C800CAC8556B /* Frameworks */ = {
			isa = PBXFrameworksBuildPhase;
			buildActionMask = 2147483647;
			files = (
				D10DFDBCDD8C5827A31DBA0A /* Foundation.framework in Frameworks */,
				B2E42DB461694310441CB896 /* ManagedSettings.framework in Frameworks */,
				5659C5425FF9846445E0C82C /* ManagedSettingsUI.framework in Frameworks */,
				5A1529F754E883657A0D2F29 /* FamilyControls.framework in Frameworks */,
				F8198CBFC0245ADCAEB00840 /* DeviceActivity.framework in Frameworks */,
				91161D439984EC37FC4BE55C /* UIKit.framework in Frameworks */,
			);
			runOnlyForDeploymentPostprocessing = 0;
		};
/* End PBXFrameworksBuildPhase section */

/* Begin PBXGroup section */
		1F17D6902054EC16DE0D1E65 /* Frameworks */ = {
			isa = PBXGroup;
			children = (
				8DC9971F5110DC6BF34195BD /* iOS */,
				B1F7E8DD6B2E54E3D7FA069B /* FamilyControls.framework */,
				D9604E00219808926E7A7A3E /* ManagedSettings.framework */,
				76D96BD4E810F7EAD155BCB0 /* DeviceActivity.framework */,
				90CF1D011657F9E34921602F /* UserNotifications.framework */,
				F0808C6EAE6BA9D079C0F00D /* AudioToolbox.framework */,
				59A87E4E53D94E3575620E75 /* WidgetKit.framework */,
				155189F946780C1384AD5D5E /* AVFoundation.framework */,
				350F76B619C767457E0F4A53 /* Vision.framework */,
				1B2DE69245F003075C3129B0 /* DeviceActivity.framework */,
				7F98F568B68CCF317BAB50A0 /* ManagedSettings.framework */,
				53B4DBF27F1162F732635528 /* FamilyControls.framework */,
				1BB1901C3F9E7E8AA7D2C1C8 /* DeviceActivity.framework */,
				F16EABEDBF0D673A952BC8AE /* ManagedSettings.framework */,
				763D059EB27D11A11DFA8365 /* FamilyControls.framework */,
				3E43FC28DAED2BE8D5D00DF4 /* SwiftUI.framework */,
				8A4C02D26EE2EAB5D6FA1B62 /* ManagedSettings.framework */,
				ABF08865A584ED556E10D730 /* ManagedSettingsUI.framework */,
				750E9B21E8606B47BD112584 /* FamilyControls.framework */,
				F67488360708C881F977F132 /* DeviceActivity.framework */,
				1AF5D6793D2E22AA0EA10D8C /* UIKit.framework */,
				7757549C6B22A1C3F05ADBD5 /* ManagedSettings.framework */,
				D9ABD5894900C2E396A2FC77 /* WidgetKit.framework */,
				10914D84E8062F818739783F /* SwiftUI.framework */,
				85EBDD338393B904E30BE40C /* FamilyControls.framework */,
				269A790FBE44DA980DD16D7C /* DeviceActivity.framework */,
				2580F28FFC2A72F367600D10 /* XCTest.framework */,
			);
			name = Frameworks;
			sourceTree = "<group>";
		};
		82B4476BD6C7E2BE0BD5D96D = {
			isa = PBXGroup;
			children = (
				BD68B1050CC6FA7C0AD4C014 /* Products */,
				1F17D6902054EC16DE0D1E65 /* Frameworks */,
				98AAE2CC19572A346CED4DB1 /* AppModel.swift */,
				60FE75BBA70FEEEFB89E11CD /* FocusApp.swift */,
				01BD55E0801DC43E8FDCC1BE /* BlockingController.swift */,
				9C52EABC2246BE6A42D15737 /* LifeModels.swift */,
				A57615A6A1C359A65BC7A05E /* Models.swift */,
				C75E82C297FB55D368FE601D /* SharedStore.swift */,
				E01418C50F72DCD5CFED2CF2 /* ShieldPolicy.swift */,
				28058112C8E5337EAAAAD21B /* TimePolicy.swift */,
				2ECA558C79C6EAD4EADA8E72 /* TimekeeperController.swift */,
				B43F8D6750B5FDF8CC29543D /* TimekeeperModels.swift */,
				103D21E0736DF801C7519319 /* CalendarView.swift */,
				B1FA7E8CD1BD48FB0AFBE7B4 /* EyeLevelCamera.swift */,
				4EA87C539215470199B77CDB /* HabitsView.swift */,
				07653449606CEE09B3063329 /* MiniGamesView.swift */,
				2121845D60CC80D1818926CF /* NotesView.swift */,
				ACC25C6A47B3FCB619C53696 /* RootView.swift */,
				4C7A2B26DEF1C98476BF93EC /* TimerView.swift */,
				ADF8196057299A0B7D86F276 /* UnlockView.swift */,
				370A133FFDDFD9B5575C4679 /* Assets.xcassets */,
				E2F769EF957716ACF22626BD /* PrivacyInfo.xcprivacy */,
				B6855B2A5C385C1ADD874089 /* DeviceActivityMonitorExtension.swift */,
				660B8413815EC8C62DC519FC /* DeviceActivityReportExtension.swift */,
				4EC18E008E0EB6B6A59CF2AF /* ShieldConfigurationExtension.swift */,
				A16866CA23D9D59723E8162F /* ShieldActionExtension.swift */,
				DE9551063C0A78656E99994B /* LockInWidgets.swift */,
				6932D467C893101DA4386C3F /* LifeStoreTests.swift */,
				CE4F5F94D2BD5598AB6D6023 /* SharedStoreTests.swift */,
				C3945C56FA79B192D5FE9E4A /* TimePolicyTests.swift */,
				31C390BF61A31FFF0E97CB80 /* TimekeeperModelsTests.swift */,
			);
			sourceTree = "<group>";
		};
		8DC9971F5110DC6BF34195BD /* iOS */ = {
			isa = PBXGroup;
			children = (
				2CA54E5F1CB85ECAD6B07F83 /* Foundation.framework */,
			);
			name = iOS;
			sourceTree = "<group>";
		};
		BD68B1050CC6FA7C0AD4C014 /* Products */ = {
			isa = PBXGroup;
			children = (
				ECE21FDABA6FE55AC0D7827C /* FocusApp.app */,
				6ACBC5FE0501318739B1920F /* DeviceActivityMonitorExtension.appex */,
				A4D521577883371B29898819 /* DeviceActivityReportExtension.appex */,
				CA031035F2C2AF57040CD448 /* ShieldConfigurationExtension.appex */,
				320F694DD2965466C1092EB7 /* ShieldActionExtension.appex */,
				7A770AC963610A285FABBC18 /* LockInWidgetsExtension.appex */,
				5A124C1CE5A0363229E54EAD /* FocusAppTests.xctest */,
			);
			name = Products;
			sourceTree = "<group>";
		};
/* End PBXGroup section */

/* Begin PBXNativeTarget section */
		1D098349CE651E5CEF1DE29B /* FocusApp */ = {
			isa = PBXNativeTarget;
			buildConfigurationList = 3DC6AB178042F71DB8BD11C1 /* Build configuration list for PBXNativeTarget "FocusApp" */;
			buildPhases = (
				33489F5DCA6A40A8C220E5C8 /* Sources */,
				A8A4AEBD4EECFD9D114E89FA /* Frameworks */,
				FE121762C8A20033E2C74D54 /* Resources */,
				22CAFDAE1B01F2EF9B0E2D3B /* Embed App Extensions */,
			);
			buildRules = (
			);
			dependencies = (
				815801A305564B118C6E22D7 /* PBXTargetDependency */,
				D90AE2D0E487D67F2AB80F5F /* PBXTargetDependency */,
				F3B59EE748FE8934672939EB /* PBXTargetDependency */,
				6E12257AE466E724D0E608CE /* PBXTargetDependency */,
				313C2F88A16000ED8753DE4F /* PBXTargetDependency */,
			);
			name = FocusApp;
			productName = LockIn;
			productReference = ECE21FDABA6FE55AC0D7827C /* FocusApp.app */;
			productType = "com.apple.product-type.application";
		};
		409315BA8A529C9C19ECE5A2 /* ShieldActionExtension */ = {
			isa = PBXNativeTarget;
			buildConfigurationList = 0AD63B7D6AD01F7E2B05A585 /* Build configuration list for PBXNativeTarget "ShieldActionExtension" */;
			buildPhases = (
				90C03652493E671888687155 /* Sources */,
				40A40CE6FDF081F2B1856CEA /* Frameworks */,
				D2211942D17E90939CFED520 /* Resources */,
			);
			buildRules = (
			);
			dependencies = (
			);
			name = ShieldActionExtension;
			productName = ShieldActionExtension;
			productReference = 320F694DD2965466C1092EB7 /* ShieldActionExtension.appex */;
			productType = "com.apple.product-type.app-extension";
		};
		6E1BF01A0EB5D2D81BBE72E3 /* DeviceActivityMonitorExtension */ = {
			isa = PBXNativeTarget;
			buildConfigurationList = 4E38C97072B867316615A44F /* Build configuration list for PBXNativeTarget "DeviceActivityMonitorExtension" */;
			buildPhases = (
				6B5E0767145BDDE7D7F4CCE5 /* Sources */,
				6BB4295DC3269CCB5347FDFB /* Frameworks */,
				0D73265ED802446C43A99E6D /* Resources */,
			);
			buildRules = (
			);
			dependencies = (
			);
			name = DeviceActivityMonitorExtension;
			productName = DeviceActivityMonitorExtension;
			productReference = 6ACBC5FE0501318739B1920F /* DeviceActivityMonitorExtension.appex */;
			productType = "com.apple.product-type.app-extension";
		};
		7868A9804293E04B3ACE7353 /* DeviceActivityReportExtension */ = {
			isa = PBXNativeTarget;
			buildConfigurationList = 5E699379AFD87DE0640754EC /* Build configuration list for PBXNativeTarget "DeviceActivityReportExtension" */;
			buildPhases = (
				4B1E8557E04A9301887ACE12 /* Sources */,
				7477773CB8221F57E412D0BF /* Frameworks */,
				785DB2F35FDBC4DE73E4B2EF /* Resources */,
			);
			buildRules = (
			);
			dependencies = (
			);
			name = DeviceActivityReportExtension;
			productName = DeviceActivityReportExtension;
			productReference = A4D521577883371B29898819 /* DeviceActivityReportExtension.appex */;
			productType = "com.apple.product-type.app-extension";
		};
		7A87F9769EFA67AF45B7DA35 /* LockInWidgetsExtension */ = {
			isa = PBXNativeTarget;
			buildConfigurationList = CBEE4C35D2189006B82B6539 /* Build configuration list for PBXNativeTarget "LockInWidgetsExtension" */;
			buildPhases = (
				EE864E82C5421B3336F5BB9A /* Sources */,
				9DA1AD22EE88B2E11A96667F /* Frameworks */,
				FB6D1A1D1392B9ABD9577105 /* Resources */,
			);
			buildRules = (
			);
			dependencies = (
			);
			name = LockInWidgetsExtension;
			productName = LockInWidgetsExtension;
			productReference = 7A770AC963610A285FABBC18 /* LockInWidgetsExtension.appex */;
			productType = "com.apple.product-type.app-extension";
		};
		B2A1065877F8AECDC2900ED6 /* ShieldConfigurationExtension */ = {
			isa = PBXNativeTarget;
			buildConfigurationList = 6CF6240D9E76E6FB44912680 /* Build configuration list for PBXNativeTarget "ShieldConfigurationExtension" */;
			buildPhases = (
				5E61B1191E99E27DA8A53683 /* Sources */,
				AC6FE5EDED37C800CAC8556B /* Frameworks */,
				D8E67BDC30AF38A503CBB0A6 /* Resources */,
			);
			buildRules = (
			);
			dependencies = (
			);
			name = ShieldConfigurationExtension;
			productName = ShieldConfigurationExtension;
			productReference = CA031035F2C2AF57040CD448 /* ShieldConfigurationExtension.appex */;
			productType = "com.apple.product-type.app-extension";
		};
		D0F4A82CCE25AA8C4E79FCD9 /* FocusAppTests */ = {
			isa = PBXNativeTarget;
			buildConfigurationList = 51F605F41D5D9A222DFACBC5 /* Build configuration list for PBXNativeTarget "FocusAppTests" */;
			buildPhases = (
				DD434CE4237F25E98BB037D2 /* Sources */,
				9806ABA65D5A5A01F9335CEB /* Frameworks */,
				45A7BC86D2C5E6C83DF11B08 /* Resources */,
			);
			buildRules = (
			);
			dependencies = (
				F6A09FA928E9BB8BD999B80E /* PBXTargetDependency */,
			);
			name = FocusAppTests;
			productName = FocusAppTests;
			productReference = 5A124C1CE5A0363229E54EAD /* FocusAppTests.xctest */;
			productType = "com.apple.product-type.bundle.unit-test";
		};
/* End PBXNativeTarget section */

/* Begin PBXProject section */
		1EDC53C78DBBC82CE1EE8F2A /* Project object */ = {
			isa = PBXProject;
			attributes = {
				LastSwiftUpdateCheck = 2600;
				LastUpgradeCheck = 2600;
			};
			buildConfigurationList = 260E7F6B2E21C1A67FCB737C /* Build configuration list for PBXProject "FocusApp" */;
			compatibilityVersion = "Xcode 3.2";
			developmentRegion = en;
			hasScannedForEncodings = 0;
			knownRegions = (
				en,
				Base,
			);
			mainGroup = 82B4476BD6C7E2BE0BD5D96D;
			minimizedProjectReferenceProxies = 0;
			preferredProjectObjectVersion = 100;
			productRefGroup = BD68B1050CC6FA7C0AD4C014 /* Products */;
			projectDirPath = "";
			projectRoot = "";
			targets = (
				1D098349CE651E5CEF1DE29B /* FocusApp */,
				6E1BF01A0EB5D2D81BBE72E3 /* DeviceActivityMonitorExtension */,
				7868A9804293E04B3ACE7353 /* DeviceActivityReportExtension */,
				B2A1065877F8AECDC2900ED6 /* ShieldConfigurationExtension */,
				409315BA8A529C9C19ECE5A2 /* ShieldActionExtension */,
				7A87F9769EFA67AF45B7DA35 /* LockInWidgetsExtension */,
				D0F4A82CCE25AA8C4E79FCD9 /* FocusAppTests */,
			);
		};
/* End PBXProject section */

/* Begin PBXResourcesBuildPhase section */
		0D73265ED802446C43A99E6D /* Resources */ = {
			isa = PBXResourcesBuildPhase;
			buildActionMask = 2147483647;
			files = (
			);
			runOnlyForDeploymentPostprocessing = 0;
		};
		45A7BC86D2C5E6C83DF11B08 /* Resources */ = {
			isa = PBXResourcesBuildPhase;
			buildActionMask = 2147483647;
			files = (
			);
			runOnlyForDeploymentPostprocessing = 0;
		};
		785DB2F35FDBC4DE73E4B2EF /* Resources */ = {
			isa = PBXResourcesBuildPhase;
			buildActionMask = 2147483647;
			files = (
			);
			runOnlyForDeploymentPostprocessing = 0;
		};
		D2211942D17E90939CFED520 /* Resources */ = {
			isa = PBXResourcesBuildPhase;
			buildActionMask = 2147483647;
			files = (
			);
			runOnlyForDeploymentPostprocessing = 0;
		};
		D8E67BDC30AF38A503CBB0A6 /* Resources */ = {
			isa = PBXResourcesBuildPhase;
			buildActionMask = 2147483647;
			files = (
			);
			runOnlyForDeploymentPostprocessing = 0;
		};
		FB6D1A1D1392B9ABD9577105 /* Resources */ = {
			isa = PBXResourcesBuildPhase;
			buildActionMask = 2147483647;
			files = (
			);
			runOnlyForDeploymentPostprocessing = 0;
		};
		FE121762C8A20033E2C74D54 /* Resources */ = {
			isa = PBXResourcesBuildPhase;
			buildActionMask = 2147483647;
			files = (
				82075B71B3E2E42BD3978A0C /* Assets.xcassets in Resources */,
				305503BB6B866EEF67915FAE /* PrivacyInfo.xcprivacy in Resources */,
			);
			runOnlyForDeploymentPostprocessing = 0;
		};
/* End PBXResourcesBuildPhase section */

/* Begin PBXSourcesBuildPhase section */
		33489F5DCA6A40A8C220E5C8 /* Sources */ = {
			isa = PBXSourcesBuildPhase;
			buildActionMask = 2147483647;
			files = (
				3E7AEC20D5272C2B506D3733 /* AppModel.swift in Sources */,
				A84028C2201E98AAE8BCEE6B /* FocusApp.swift in Sources */,
				2AFB5F5DB4319C114AA2564A /* BlockingController.swift in Sources */,
				9A3ED0D55376F68AF7E56917 /* LifeModels.swift in Sources */,
				A4E44F8BE01185FB636B2F27 /* Models.swift in Sources */,
				FF9364D319BFFAE2B0BD047E /* SharedStore.swift in Sources */,
				115F6D0A4E6C5944FCF567E9 /* ShieldPolicy.swift in Sources */,
				74BD7184724E6DF7F0AA74F5 /* TimePolicy.swift in Sources */,
				ED957E838DCFCACE5AD19AE9 /* TimekeeperController.swift in Sources */,
				AC5FC8478676D71097F54B0B /* TimekeeperModels.swift in Sources */,
				D23291E506AC5A96EFBCD8FE /* CalendarView.swift in Sources */,
				C4A76D9E06523A03F5EE307D /* EyeLevelCamera.swift in Sources */,
				3803AB6D44D6C24E9BB71DE0 /* HabitsView.swift in Sources */,
				0A6224B18C84B143B234B88B /* MiniGamesView.swift in Sources */,
				61990C5D4A04A39FD59199BA /* NotesView.swift in Sources */,
				64D5311100D2B5FB92EDBC30 /* RootView.swift in Sources */,
				D65597609812D53FC9879C51 /* TimerView.swift in Sources */,
				12F24AD7D7F20CF88359317E /* UnlockView.swift in Sources */,
			);
			runOnlyForDeploymentPostprocessing = 0;
		};
		4B1E8557E04A9301887ACE12 /* Sources */ = {
			isa = PBXSourcesBuildPhase;
			buildActionMask = 2147483647;
			files = (
				2A996C58A0F4D88F3C67C981 /* Models.swift in Sources */,
				E92AF2F0C0A54C0566F541BB /* SharedStore.swift in Sources */,
				9F84B83E0BA1968DE6A67866 /* TimePolicy.swift in Sources */,
				245C721314783E3D9981C57B /* DeviceActivityReportExtension.swift in Sources */,
			);
			runOnlyForDeploymentPostprocessing = 0;
		};
		5E61B1191E99E27DA8A53683 /* Sources */ = {
			isa = PBXSourcesBuildPhase;
			buildActionMask = 2147483647;
			files = (
				7AFA37D6F74C4FBD4134ADCA /* ShieldConfigurationExtension.swift in Sources */,
			);
			runOnlyForDeploymentPostprocessing = 0;
		};
		6B5E0767145BDDE7D7F4CCE5 /* Sources */ = {
			isa = PBXSourcesBuildPhase;
			buildActionMask = 2147483647;
			files = (
				8DBA0F0596066D80B839A995 /* Models.swift in Sources */,
				38EAA7B98087FFC437FE643F /* SharedStore.swift in Sources */,
				63B1F9682F9FDAA3939260BD /* TimePolicy.swift in Sources */,
				8E4B0953CACA9CD85064CA11 /* ShieldPolicy.swift in Sources */,
				CF8027D245453BC2168E7A87 /* DeviceActivityMonitorExtension.swift in Sources */,
			);
			runOnlyForDeploymentPostprocessing = 0;
		};
		90C03652493E671888687155 /* Sources */ = {
			isa = PBXSourcesBuildPhase;
			buildActionMask = 2147483647;
			files = (
				2612DA259C765B0B6B93501A /* ShieldActionExtension.swift in Sources */,
			);
			runOnlyForDeploymentPostprocessing = 0;
		};
		DD434CE4237F25E98BB037D2 /* Sources */ = {
			isa = PBXSourcesBuildPhase;
			buildActionMask = 2147483647;
			files = (
				1D05D2B351CA0BB1C6FDC88A /* LifeStoreTests.swift in Sources */,
				B2AE7E5E4A3F4ADE5031605D /* SharedStoreTests.swift in Sources */,
				AC8AA72484036AD9E9BE1777 /* TimePolicyTests.swift in Sources */,
				342DA69F03FB7A930D654ACF /* TimekeeperModelsTests.swift in Sources */,
			);
			runOnlyForDeploymentPostprocessing = 0;
		};
		EE864E82C5421B3336F5BB9A /* Sources */ = {
			isa = PBXSourcesBuildPhase;
			buildActionMask = 2147483647;
			files = (
				24A7863814B0BAA40C828CC5 /* Models.swift in Sources */,
				C18069DEFF7980478C50F8A1 /* SharedStore.swift in Sources */,
				B96EE76822F2472CC155FD93 /* TimePolicy.swift in Sources */,
				E0AC4F66C963E7DE028A9321 /* LockInWidgets.swift in Sources */,
			);
			runOnlyForDeploymentPostprocessing = 0;
		};
/* End PBXSourcesBuildPhase section */

/* Begin PBXTargetDependency section */
		313C2F88A16000ED8753DE4F /* PBXTargetDependency */ = {
			isa = PBXTargetDependency;
			name = LockInWidgetsExtension;
			target = 7A87F9769EFA67AF45B7DA35 /* LockInWidgetsExtension */;
			targetProxy = FC38B388E88B8D2E6BAE87A6 /* PBXContainerItemProxy */;
		};
		6E12257AE466E724D0E608CE /* PBXTargetDependency */ = {
			isa = PBXTargetDependency;
			name = ShieldActionExtension;
			target = 409315BA8A529C9C19ECE5A2 /* ShieldActionExtension */;
			targetProxy = 04C961EC884286536689DBA0 /* PBXContainerItemProxy */;
		};
		815801A305564B118C6E22D7 /* PBXTargetDependency */ = {
			isa = PBXTargetDependency;
			name = DeviceActivityMonitorExtension;
			target = 6E1BF01A0EB5D2D81BBE72E3 /* DeviceActivityMonitorExtension */;
			targetProxy = 02AA5B9B05438E9E16449135 /* PBXContainerItemProxy */;
		};
		D90AE2D0E487D67F2AB80F5F /* PBXTargetDependency */ = {
			isa = PBXTargetDependency;
			name = DeviceActivityReportExtension;
			target = 7868A9804293E04B3ACE7353 /* DeviceActivityReportExtension */;
			targetProxy = AD75F157AF17A7026B557FD9 /* PBXContainerItemProxy */;
		};
		F3B59EE748FE8934672939EB /* PBXTargetDependency */ = {
			isa = PBXTargetDependency;
			name = ShieldConfigurationExtension;
			target = B2A1065877F8AECDC2900ED6 /* ShieldConfigurationExtension */;
			targetProxy = FCF0E77BFA35A08C7A531215 /* PBXContainerItemProxy */;
		};
		F6A09FA928E9BB8BD999B80E /* PBXTargetDependency */ = {
			isa = PBXTargetDependency;
			name = FocusApp;
			target = 1D098349CE651E5CEF1DE29B /* FocusApp */;
			targetProxy = F952F248157B0BF73A7B0030 /* PBXContainerItemProxy */;
		};
/* End PBXTargetDependency section */

/* Begin XCBuildConfiguration section */
		1A4F3ACBD8B52148599737E6 /* Release */ = {
			isa = XCBuildConfiguration;
			buildSettings = {
				BUNDLE_LOADER = "$(TEST_HOST)";
				CLANG_ENABLE_OBJC_WEAK = NO;
				CODE_SIGN_STYLE = Automatic;
				CURRENT_PROJECT_VERSION = 6;
				GENERATE_INFOPLIST_FILE = YES;
				IPHONEOS_DEPLOYMENT_TARGET = 18.0;
				MARKETING_VERSION = 0.4.0;
				PRODUCT_BUNDLE_IDENTIFIER = com.dash1971.focusapp.tests;
				SDKROOT = iphoneos;
				SWIFT_VERSION = 5.0;
				TARGETED_DEVICE_FAMILY = 1;
				TEST_HOST = "$(BUILT_PRODUCTS_DIR)/LockIn.app/LockIn";
				VALIDATE_PRODUCT = YES;
			};
			name = Release;
		};
		1E2A5D3D9F8AFBE8B37B4199 /* Debug */ = {
			isa = XCBuildConfiguration;
			buildSettings = {
				APPLICATION_EXTENSION_API_ONLY = YES;
				CLANG_ENABLE_OBJC_WEAK = NO;
				CODE_SIGN_ENTITLEMENTS = Extensions/ShieldConfiguration/ShieldConfiguration.entitlements;
				CODE_SIGN_STYLE = Automatic;
				CURRENT_PROJECT_VERSION = 6;
				GENERATE_INFOPLIST_FILE = NO;
				INFOPLIST_FILE = Extensions/ShieldConfiguration/Info.plist;
				IPHONEOS_DEPLOYMENT_TARGET = 18.0;
				MARKETING_VERSION = 0.4.0;
				PRODUCT_BUNDLE_IDENTIFIER = com.dash1971.focusapp.shieldconfiguration;
				SDKROOT = iphoneos;
				SKIP_INSTALL = YES;
				SWIFT_VERSION = 5.0;
				TARGETED_DEVICE_FAMILY = 1;
			};
			name = Debug;
		};
		1FF6A6D58C36EC86937FDBC4 /* Release */ = {
			isa = XCBuildConfiguration;
			buildSettings = {
				APPLICATION_EXTENSION_API_ONLY = YES;
				CLANG_ENABLE_OBJC_WEAK = NO;
				CODE_SIGN_ENTITLEMENTS = Extensions/ShieldAction/ShieldAction.entitlements;
				CODE_SIGN_STYLE = Automatic;
				CURRENT_PROJECT_VERSION = 6;
				GENERATE_INFOPLIST_FILE = NO;
				INFOPLIST_FILE = Extensions/ShieldAction/Info.plist;
				IPHONEOS_DEPLOYMENT_TARGET = 18.0;
				MARKETING_VERSION = 0.4.0;
				PRODUCT_BUNDLE_IDENTIFIER = com.dash1971.focusapp.shieldaction;
				SDKROOT = iphoneos;
				SKIP_INSTALL = YES;
				SWIFT_VERSION = 5.0;
				TARGETED_DEVICE_FAMILY = 1;
				VALIDATE_PRODUCT = YES;
			};
			name = Release;
		};
		2CE03968C3F0F30AE8EB750B /* Debug */ = {
			isa = XCBuildConfiguration;
			buildSettings = {
				ASSETCATALOG_COMPILER_APPICON_NAME = AppIcon;
				ASSETCATALOG_COMPILER_GLOBAL_ACCENT_COLOR_NAME = AccentColor;
				CLANG_ENABLE_OBJC_WEAK = NO;
				CODE_SIGN_ENTITLEMENTS = FocusApp/FocusApp.entitlements;
				CODE_SIGN_STYLE = Automatic;
				CURRENT_PROJECT_VERSION = 6;
				GENERATE_INFOPLIST_FILE = NO;
				INFOPLIST_FILE = FocusApp/Resources/Info.plist;
				INFOPLIST_KEY_CFBundleDisplayName = LockIn;
				INFOPLIST_KEY_LSApplicationCategoryType = "public.app-category.productivity";
				INFOPLIST_KEY_UIApplicationSceneManifest_Generation = YES;
				INFOPLIST_KEY_UILaunchScreen_Generation = YES;
				IPHONEOS_DEPLOYMENT_TARGET = 18.0;
				LD_RUNPATH_SEARCH_PATHS = "$(inherited) @executable_path/Frameworks";
				MARKETING_VERSION = 0.4.0;
				PRODUCT_BUNDLE_IDENTIFIER = com.dash1971.focusapp;
				PRODUCT_NAME = LockIn;
				SDKROOT = iphoneos;
				SUPPORTED_PLATFORMS = "iphoneos iphonesimulator";
				SWIFT_VERSION = 5.0;
				TARGETED_DEVICE_FAMILY = 1;
			};
			name = Debug;
		};
		38EDC5B560F336B66DD1213E /* Debug */ = {
			isa = XCBuildConfiguration;
			buildSettings = {
				APPLICATION_EXTENSION_API_ONLY = YES;
				CLANG_ENABLE_OBJC_WEAK = NO;
				CODE_SIGN_ENTITLEMENTS = Extensions/DeviceActivityMonitor/DeviceActivityMonitor.entitlements;
				CODE_SIGN_STYLE = Automatic;
				CURRENT_PROJECT_VERSION = 6;
				GENERATE_INFOPLIST_FILE = NO;
				INFOPLIST_FILE = Extensions/DeviceActivityMonitor/Info.plist;
				IPHONEOS_DEPLOYMENT_TARGET = 18.0;
				MARKETING_VERSION = 0.4.0;
				PRODUCT_BUNDLE_IDENTIFIER = com.dash1971.focusapp.deviceactivity;
				SDKROOT = iphoneos;
				SKIP_INSTALL = YES;
				SWIFT_VERSION = 5.0;
				TARGETED_DEVICE_FAMILY = 1;
			};
			name = Debug;
		};
		3A4B45CCDA8C11F5B6EF0ED7 /* Release */ = {
			isa = XCBuildConfiguration;
			buildSettings = {
				ALWAYS_SEARCH_USER_PATHS = NO;
				CLANG_ANALYZER_NONNULL = YES;
				CLANG_ANALYZER_NUMBER_OBJECT_CONVERSION = YES_AGGRESSIVE;
				CLANG_CXX_LANGUAGE_STANDARD = "gnu++14";
				CLANG_CXX_LIBRARY = "libc++";
				CLANG_ENABLE_MODULES = YES;
				CLANG_ENABLE_OBJC_ARC = YES;
				CLANG_ENABLE_OBJC_WEAK = YES;
				CLANG_WARN_BLOCK_CAPTURE_AUTORELEASING = YES;
				CLANG_WARN_BOOL_CONVERSION = YES;
				CLANG_WARN_COMMA = YES;
				CLANG_WARN_CONSTANT_CONVERSION = YES;
				CLANG_WARN_DEPRECATED_OBJC_IMPLEMENTATIONS = YES;
				CLANG_WARN_DIRECT_OBJC_ISA_USAGE = YES_ERROR;
				CLANG_WARN_DOCUMENTATION_COMMENTS = YES;
				CLANG_WARN_EMPTY_BODY = YES;
				CLANG_WARN_ENUM_CONVERSION = YES;
				CLANG_WARN_INFINITE_RECURSION = YES;
				CLANG_WARN_INT_CONVERSION = YES;
				CLANG_WARN_NON_LITERAL_NULL_CONVERSION = YES;
				CLANG_WARN_OBJC_IMPLICIT_RETAIN_SELF = YES;
				CLANG_WARN_OBJC_LITERAL_CONVERSION = YES;
				CLANG_WARN_OBJC_ROOT_CLASS = YES_ERROR;
				CLANG_WARN_QUOTED_INCLUDE_IN_FRAMEWORK_HEADER = YES;
				CLANG_WARN_RANGE_LOOP_ANALYSIS = YES;
				CLANG_WARN_STRICT_PROTOTYPES = YES;
				CLANG_WARN_SUSPICIOUS_MOVE = YES;
				CLANG_WARN_UNGUARDED_AVAILABILITY = YES_AGGRESSIVE;
				CLANG_WARN_UNREACHABLE_CODE = YES;
				CLANG_WARN__DUPLICATE_METHOD_MATCH = YES;
				COPY_PHASE_STRIP = NO;
				DEBUG_INFORMATION_FORMAT = "dwarf-with-dsym";
				ENABLE_NS_ASSERTIONS = NO;
				ENABLE_STRICT_OBJC_MSGSEND = YES;
				GCC_C_LANGUAGE_STANDARD = gnu11;
				GCC_NO_COMMON_BLOCKS = YES;
				GCC_WARN_64_TO_32_BIT_CONVERSION = YES;
				GCC_WARN_ABOUT_RETURN_TYPE = YES_ERROR;
				GCC_WARN_UNDECLARED_SELECTOR = YES;
				GCC_WARN_UNINITIALIZED_AUTOS = YES_AGGRESSIVE;
				GCC_WARN_UNUSED_FUNCTION = YES;
				GCC_WARN_UNUSED_VARIABLE = YES;
				IPHONEOS_DEPLOYMENT_TARGET = 18.0;
				MTL_ENABLE_DEBUG_INFO = NO;
				MTL_FAST_MATH = YES;
				PRODUCT_NAME = "$(TARGET_NAME)";
				SWIFT_COMPILATION_MODE = wholemodule;
				SWIFT_OPTIMIZATION_LEVEL = "-O";
				SWIFT_VERSION = 5.0;
			};
			name = Release;
		};
		3F4427869713A907523C776C /* Debug */ = {
			isa = XCBuildConfiguration;
			buildSettings = {
				ALWAYS_SEARCH_USER_PATHS = NO;
				CLANG_ANALYZER_NONNULL = YES;
				CLANG_ANALYZER_NUMBER_OBJECT_CONVERSION = YES_AGGRESSIVE;
				CLANG_CXX_LANGUAGE_STANDARD = "gnu++14";
				CLANG_CXX_LIBRARY = "libc++";
				CLANG_ENABLE_MODULES = YES;
				CLANG_ENABLE_OBJC_ARC = YES;
				CLANG_ENABLE_OBJC_WEAK = YES;
				CLANG_WARN_BLOCK_CAPTURE_AUTORELEASING = YES;
				CLANG_WARN_BOOL_CONVERSION = YES;
				CLANG_WARN_COMMA = YES;
				CLANG_WARN_CONSTANT_CONVERSION = YES;
				CLANG_WARN_DEPRECATED_OBJC_IMPLEMENTATIONS = YES;
				CLANG_WARN_DIRECT_OBJC_ISA_USAGE = YES_ERROR;
				CLANG_WARN_DOCUMENTATION_COMMENTS = YES;
				CLANG_WARN_EMPTY_BODY = YES;
				CLANG_WARN_ENUM_CONVERSION = YES;
				CLANG_WARN_INFINITE_RECURSION = YES;
				CLANG_WARN_INT_CONVERSION = YES;
				CLANG_WARN_NON_LITERAL_NULL_CONVERSION = YES;
				CLANG_WARN_OBJC_IMPLICIT_RETAIN_SELF = YES;
				CLANG_WARN_OBJC_LITERAL_CONVERSION = YES;
				CLANG_WARN_OBJC_ROOT_CLASS = YES_ERROR;
				CLANG_WARN_QUOTED_INCLUDE_IN_FRAMEWORK_HEADER = YES;
				CLANG_WARN_RANGE_LOOP_ANALYSIS = YES;
				CLANG_WARN_STRICT_PROTOTYPES = YES;
				CLANG_WARN_SUSPICIOUS_MOVE = YES;
				CLANG_WARN_UNGUARDED_AVAILABILITY = YES_AGGRESSIVE;
				CLANG_WARN_UNREACHABLE_CODE = YES;
				CLANG_WARN__DUPLICATE_METHOD_MATCH = YES;
				COPY_PHASE_STRIP = NO;
				DEBUG_INFORMATION_FORMAT = dwarf;
				ENABLE_STRICT_OBJC_MSGSEND = YES;
				ENABLE_TESTABILITY = YES;
				GCC_C_LANGUAGE_STANDARD = gnu11;
				GCC_DYNAMIC_NO_PIC = NO;
				GCC_NO_COMMON_BLOCKS = YES;
				GCC_OPTIMIZATION_LEVEL = 0;
				GCC_PREPROCESSOR_DEFINITIONS = (
					"DEBUG=1",
					"$(inherited)",
				);
				GCC_WARN_64_TO_32_BIT_CONVERSION = YES;
				GCC_WARN_ABOUT_RETURN_TYPE = YES_ERROR;
				GCC_WARN_UNDECLARED_SELECTOR = YES;
				GCC_WARN_UNINITIALIZED_AUTOS = YES_AGGRESSIVE;
				GCC_WARN_UNUSED_FUNCTION = YES;
				GCC_WARN_UNUSED_VARIABLE = YES;
				IPHONEOS_DEPLOYMENT_TARGET = 18.0;
				MTL_ENABLE_DEBUG_INFO = INCLUDE_SOURCE;
				MTL_FAST_MATH = YES;
				ONLY_ACTIVE_ARCH = YES;
				PRODUCT_NAME = "$(TARGET_NAME)";
				SWIFT_ACTIVE_COMPILATION_CONDITIONS = DEBUG;
				SWIFT_OPTIMIZATION_LEVEL = "-Onone";
				SWIFT_VERSION = 5.0;
			};
			name = Debug;
		};
		47AC51BE886E4984135AFB06 /* Release */ = {
			isa = XCBuildConfiguration;
			buildSettings = {
				APPLICATION_EXTENSION_API_ONLY = YES;
				CLANG_ENABLE_OBJC_WEAK = NO;
				CODE_SIGN_ENTITLEMENTS = Extensions/LockInWidgets/LockInWidgets.entitlements;
				CODE_SIGN_STYLE = Automatic;
				CURRENT_PROJECT_VERSION = 6;
				GENERATE_INFOPLIST_FILE = NO;
				INFOPLIST_FILE = Extensions/LockInWidgets/Info.plist;
				IPHONEOS_DEPLOYMENT_TARGET = 18.0;
				MARKETING_VERSION = 0.4.0;
				PRODUCT_BUNDLE_IDENTIFIER = com.dash1971.focusapp.widgets;
				PRODUCT_NAME = LockInWidgets;
				SDKROOT = iphoneos;
				SKIP_INSTALL = YES;
				SWIFT_VERSION = 5.0;
				TARGETED_DEVICE_FAMILY = 1;
				VALIDATE_PRODUCT = YES;
			};
			name = Release;
		};
		5B4BD1BFC927DAB891162CC0 /* Debug */ = {
			isa = XCBuildConfiguration;
			buildSettings = {
				BUNDLE_LOADER = "$(TEST_HOST)";
				CLANG_ENABLE_OBJC_WEAK = NO;
				CODE_SIGN_STYLE = Automatic;
				CURRENT_PROJECT_VERSION = 6;
				GENERATE_INFOPLIST_FILE = YES;
				IPHONEOS_DEPLOYMENT_TARGET = 18.0;
				MARKETING_VERSION = 0.4.0;
				PRODUCT_BUNDLE_IDENTIFIER = com.dash1971.focusapp.tests;
				SDKROOT = iphoneos;
				SWIFT_VERSION = 5.0;
				TARGETED_DEVICE_FAMILY = 1;
				TEST_HOST = "$(BUILT_PRODUCTS_DIR)/LockIn.app/LockIn";
			};
			name = Debug;
		};
		9127C225E1EF9C57777BEB03 /* Debug */ = {
			isa = XCBuildConfiguration;
			buildSettings = {
				APPLICATION_EXTENSION_API_ONLY = YES;
				CLANG_ENABLE_OBJC_WEAK = NO;
				CODE_SIGN_ENTITLEMENTS = Extensions/ShieldAction/ShieldAction.entitlements;
				CODE_SIGN_STYLE = Automatic;
				CURRENT_PROJECT_VERSION = 6;
				GENERATE_INFOPLIST_FILE = NO;
				INFOPLIST_FILE = Extensions/ShieldAction/Info.plist;
				IPHONEOS_DEPLOYMENT_TARGET = 18.0;
				MARKETING_VERSION = 0.4.0;
				PRODUCT_BUNDLE_IDENTIFIER = com.dash1971.focusapp.shieldaction;
				SDKROOT = iphoneos;
				SKIP_INSTALL = YES;
				SWIFT_VERSION = 5.0;
				TARGETED_DEVICE_FAMILY = 1;
			};
			name = Debug;
		};
		924B4C183CD6F9B153E262BF /* Release */ = {
			isa = XCBuildConfiguration;
			buildSettings = {
				APPLICATION_EXTENSION_API_ONLY = YES;
				CLANG_ENABLE_OBJC_WEAK = NO;
				CODE_SIGN_ENTITLEMENTS = Extensions/DeviceActivityMonitor/DeviceActivityMonitor.entitlements;
				CODE_SIGN_STYLE = Automatic;
				CURRENT_PROJECT_VERSION = 6;
				GENERATE_INFOPLIST_FILE = NO;
				INFOPLIST_FILE = Extensions/DeviceActivityMonitor/Info.plist;
				IPHONEOS_DEPLOYMENT_TARGET = 18.0;
				MARKETING_VERSION = 0.4.0;
				PRODUCT_BUNDLE_IDENTIFIER = com.dash1971.focusapp.deviceactivity;
				SDKROOT = iphoneos;
				SKIP_INSTALL = YES;
				SWIFT_VERSION = 5.0;
				TARGETED_DEVICE_FAMILY = 1;
				VALIDATE_PRODUCT = YES;
			};
			name = Release;
		};
		968329D7F1E3885583539F3B /* Release */ = {
			isa = XCBuildConfiguration;
			buildSettings = {
				ASSETCATALOG_COMPILER_APPICON_NAME = AppIcon;
				ASSETCATALOG_COMPILER_GLOBAL_ACCENT_COLOR_NAME = AccentColor;
				CLANG_ENABLE_OBJC_WEAK = NO;
				CODE_SIGN_ENTITLEMENTS = FocusApp/FocusApp.entitlements;
				CODE_SIGN_STYLE = Automatic;
				CURRENT_PROJECT_VERSION = 6;
				GENERATE_INFOPLIST_FILE = NO;
				INFOPLIST_FILE = FocusApp/Resources/Info.plist;
				INFOPLIST_KEY_CFBundleDisplayName = LockIn;
				INFOPLIST_KEY_LSApplicationCategoryType = "public.app-category.productivity";
				INFOPLIST_KEY_UIApplicationSceneManifest_Generation = YES;
				INFOPLIST_KEY_UILaunchScreen_Generation = YES;
				IPHONEOS_DEPLOYMENT_TARGET = 18.0;
				LD_RUNPATH_SEARCH_PATHS = "$(inherited) @executable_path/Frameworks";
				MARKETING_VERSION = 0.4.0;
				PRODUCT_BUNDLE_IDENTIFIER = com.dash1971.focusapp;
				PRODUCT_NAME = LockIn;
				SDKROOT = iphoneos;
				SUPPORTED_PLATFORMS = "iphoneos iphonesimulator";
				SWIFT_VERSION = 5.0;
				TARGETED_DEVICE_FAMILY = 1;
				VALIDATE_PRODUCT = YES;
			};
			name = Release;
		};
		ABE7DE014ED794EB9E876680 /* Debug */ = {
			isa = XCBuildConfiguration;
			buildSettings = {
				APPLICATION_EXTENSION_API_ONLY = YES;
				CLANG_ENABLE_OBJC_WEAK = NO;
				CODE_SIGN_ENTITLEMENTS = Extensions/DeviceActivityReport/DeviceActivityReport.entitlements;
				CODE_SIGN_STYLE = Automatic;
				CURRENT_PROJECT_VERSION = 6;
				GENERATE_INFOPLIST_FILE = NO;
				INFOPLIST_FILE = Extensions/DeviceActivityReport/Info.plist;
				IPHONEOS_DEPLOYMENT_TARGET = 18.0;
				MARKETING_VERSION = 0.4.0;
				PRODUCT_BUNDLE_IDENTIFIER = com.dash1971.focusapp.deviceactivityreport;
				SDKROOT = iphoneos;
				SKIP_INSTALL = YES;
				SWIFT_VERSION = 5.0;
				TARGETED_DEVICE_FAMILY = 1;
			};
			name = Debug;
		};
		B239938CDD4E6F3B2E1C4D63 /* Debug */ = {
			isa = XCBuildConfiguration;
			buildSettings = {
				APPLICATION_EXTENSION_API_ONLY = YES;
				CLANG_ENABLE_OBJC_WEAK = NO;
				CODE_SIGN_ENTITLEMENTS = Extensions/LockInWidgets/LockInWidgets.entitlements;
				CODE_SIGN_STYLE = Automatic;
				CURRENT_PROJECT_VERSION = 6;
				GENERATE_INFOPLIST_FILE = NO;
				INFOPLIST_FILE = Extensions/LockInWidgets/Info.plist;
				IPHONEOS_DEPLOYMENT_TARGET = 18.0;
				MARKETING_VERSION = 0.4.0;
				PRODUCT_BUNDLE_IDENTIFIER = com.dash1971.focusapp.widgets;
				PRODUCT_NAME = LockInWidgets;
				SDKROOT = iphoneos;
				SKIP_INSTALL = YES;
				SWIFT_VERSION = 5.0;
				TARGETED_DEVICE_FAMILY = 1;
			};
			name = Debug;
		};
		C8E8C58E3DEFD5B6746444E7 /* Release */ = {
			isa = XCBuildConfiguration;
			buildSettings = {
				APPLICATION_EXTENSION_API_ONLY = YES;
				CLANG_ENABLE_OBJC_WEAK = NO;
				CODE_SIGN_ENTITLEMENTS = Extensions/ShieldConfiguration/ShieldConfiguration.entitlements;
				CODE_SIGN_STYLE = Automatic;
				CURRENT_PROJECT_VERSION = 6;
				GENERATE_INFOPLIST_FILE = NO;
				INFOPLIST_FILE = Extensions/ShieldConfiguration/Info.plist;
				IPHONEOS_DEPLOYMENT_TARGET = 18.0;
				MARKETING_VERSION = 0.4.0;
				PRODUCT_BUNDLE_IDENTIFIER = com.dash1971.focusapp.shieldconfiguration;
				SDKROOT = iphoneos;
				SKIP_INSTALL = YES;
				SWIFT_VERSION = 5.0;
				TARGETED_DEVICE_FAMILY = 1;
				VALIDATE_PRODUCT = YES;
			};
			name = Release;
		};
		F395A550AA2348346003E6C2 /* Release */ = {
			isa = XCBuildConfiguration;
			buildSettings = {
				APPLICATION_EXTENSION_API_ONLY = YES;
				CLANG_ENABLE_OBJC_WEAK = NO;
				CODE_SIGN_ENTITLEMENTS = Extensions/DeviceActivityReport/DeviceActivityReport.entitlements;
				CODE_SIGN_STYLE = Automatic;
				CURRENT_PROJECT_VERSION = 6;
				GENERATE_INFOPLIST_FILE = NO;
				INFOPLIST_FILE = Extensions/DeviceActivityReport/Info.plist;
				IPHONEOS_DEPLOYMENT_TARGET = 18.0;
				MARKETING_VERSION = 0.4.0;
				PRODUCT_BUNDLE_IDENTIFIER = com.dash1971.focusapp.deviceactivityreport;
				SDKROOT = iphoneos;
				SKIP_INSTALL = YES;
				SWIFT_VERSION = 5.0;
				TARGETED_DEVICE_FAMILY = 1;
				VALIDATE_PRODUCT = YES;
			};
			name = Release;
		};
/* End XCBuildConfiguration section */

/* Begin XCConfigurationList section */
		0AD63B7D6AD01F7E2B05A585 /* Build configuration list for PBXNativeTarget "ShieldActionExtension" */ = {
			isa = XCConfigurationList;
			buildConfigurations = (
				1FF6A6D58C36EC86937FDBC4 /* Release */,
				9127C225E1EF9C57777BEB03 /* Debug */,
			);
			defaultConfigurationIsVisible = 0;
			defaultConfigurationName = Release;
		};
		260E7F6B2E21C1A67FCB737C /* Build configuration list for PBXProject "FocusApp" */ = {
			isa = XCConfigurationList;
			buildConfigurations = (
				3F4427869713A907523C776C /* Debug */,
				3A4B45CCDA8C11F5B6EF0ED7 /* Release */,
			);
			defaultConfigurationIsVisible = 0;
			defaultConfigurationName = Release;
		};
		3DC6AB178042F71DB8BD11C1 /* Build configuration list for PBXNativeTarget "FocusApp" */ = {
			isa = XCConfigurationList;
			buildConfigurations = (
				968329D7F1E3885583539F3B /* Release */,
				2CE03968C3F0F30AE8EB750B /* Debug */,
			);
			defaultConfigurationIsVisible = 0;
			defaultConfigurationName = Release;
		};
		4E38C97072B867316615A44F /* Build configuration list for PBXNativeTarget "DeviceActivityMonitorExtension" */ = {
			isa = XCConfigurationList;
			buildConfigurations = (
				924B4C183CD6F9B153E262BF /* Release */,
				38EDC5B560F336B66DD1213E /* Debug */,
			);
			defaultConfigurationIsVisible = 0;
			defaultConfigurationName = Release;
		};
		51F605F41D5D9A222DFACBC5 /* Build configuration list for PBXNativeTarget "FocusAppTests" */ = {
			isa = XCConfigurationList;
			buildConfigurations = (
				1A4F3ACBD8B52148599737E6 /* Release */,
				5B4BD1BFC927DAB891162CC0 /* Debug */,
			);
			defaultConfigurationIsVisible = 0;
			defaultConfigurationName = Release;
		};
		5E699379AFD87DE0640754EC /* Build configuration list for PBXNativeTarget "DeviceActivityReportExtension" */ = {
			isa = XCConfigurationList;
			buildConfigurations = (
				F395A550AA2348346003E6C2 /* Release */,
				ABE7DE014ED794EB9E876680 /* Debug */,
			);
			defaultConfigurationIsVisible = 0;
			defaultConfigurationName = Release;
		};
		6CF6240D9E76E6FB44912680 /* Build configuration list for PBXNativeTarget "ShieldConfigurationExtension" */ = {
			isa = XCConfigurationList;
			buildConfigurations = (
				C8E8C58E3DEFD5B6746444E7 /* Release */,
				1E2A5D3D9F8AFBE8B37B4199 /* Debug */,
			);
			defaultConfigurationIsVisible = 0;
			defaultConfigurationName = Release;
		};
		CBEE4C35D2189006B82B6539 /* Build configuration list for PBXNativeTarget "LockInWidgetsExtension" */ = {
			isa = XCConfigurationList;
			buildConfigurations = (
				47AC51BE886E4984135AFB06 /* Release */,
				B239938CDD4E6F3B2E1C4D63 /* Debug */,
			);
			defaultConfigurationIsVisible = 0;
			defaultConfigurationName = Release;
		};
/* End XCConfigurationList section */
	};
	rootObject = 1EDC53C78DBBC82CE1EE8F2A /* Project object */;
}
